
Microsoft Visual Studio Solution File, Format Version 12.00
# Visual Studio Version 16
VisualStudioVersion = 16.0.31129.286
MinimumVisualStudioVersion = 10.0.40219.1
Project("{FAE04EC0-301F-11D3-BF4B-00C04F79EFBC}") = "proyectoWeb", "proyectoWeb\proyectoWeb.csproj", "{20286E28-5957-446D-9933-BCC2BA1215EF}"
EndProject
Global
	GlobalSection(SolutionConfigurationPlatforms) = preSolution
		Debug|Any CPU = Debug|Any CPU
		Release|Any CPU = Release|Any CPU
	EndGlobalSection
	GlobalSection(ProjectConfigurationPlatforms) = postSolution
		{20286E28-5957-446D-9933-BCC2BA1215EF}.Debug|Any CPU.ActiveCfg = Debug|Any CPU
		{20286E28-5957-446D-9933-BCC2BA1215EF}.Debug|Any CPU.Build.0 = Debug|Any CPU
		{20286E28-5957-446D-9933-BCC2BA1215EF}.Release|Any CPU.ActiveCfg = Release|Any CPU
		{20286E28-5957-446D-9933-BCC2BA1215EF}.Release|Any CPU.Build.0 = Release|Any CPU
	EndGlobalSection
	GlobalSection(SolutionProperties) = preSolution
		HideSolutionNode = FALSE
	EndGlobalSection
	GlobalSection(ExtensibilityGlobals) = postSolution
		SolutionGuid = {852C34A8-635B-4E6C-BC17-E380D919727D}
	EndGlobalSection
EndGlobal
